{
    "_meta": {
        "hash": {
            "sha256": "e5030def5fa63a46e899b9a0e2eaed8ec04a5320d456b4c7bfed309dc41ee738"
        },
        "pipfile-spec": 6,
        "requires": {
            "python_version": "3.9"
        },
        "sources": [
            {
                "name": "pypi",
                "url": "https://pypi.org/simple",
                "verify_ssl": true
            }
        ]
    },
    "default": {
        "asgiref": {
            "hashes": [
                "sha256:3e1e3ecc849832fe52ccf2cb6686b7a55f82bb1d6aee72a58826471390335e47",
                "sha256:c343bd80a0bec947a9860adb4c432ffa7db769836c64238fc34bdc3fec84d590"
            ],
            "markers": "python_version >= '3.8'",
            "version": "==3.8.1"
        },
        "django": {
            "hashes": [
                "sha256:3a93350214ba25f178d4045c0786c61573e7dbfa3c509b3551374f1e11ba8de0",
                "sha256:6b56d834cc94c8b21a8f4e775064896be3b4a4ca387f2612d4406a5927cd2fdc"
            ],
            "index": "pypi",
            "markers": "python_version >= '3.8'",
            "version": "==4.2.17"
        },
        "python-dotenv": {
            "hashes": [
                "sha256:e324ee90a023d808f1959c46bcbc04446a10ced277783dc6ee09987c37ec10ca",
                "sha256:f7b63ef50f1b690dddf550d03497b66d609393b40b564ed0d674909a68ebf16a"
            ],
            "index": "pypi",
            "markers": "python_version >= '3.8'",
            "version": "==1.0.1"
        },
        "sqlparse": {
            "hashes": [
                "sha256:09f67787f56a0b16ecdbde1bfc7f5d9c3371ca683cfeaa8e6ff60b4807ec9272",
                "sha256:cf2196ed3418f3ba5de6af7e82c694a9fbdbfecccdfc72e281548517081f16ca"
            ],
            "markers": "python_version >= '3.8'",
            "version": "==0.5.3"
        },
        "typing-extensions": {
            "hashes": [
                "sha256:04e5ca0351e0f3f85c6853954072df659d0d13fac324d0072316b67d7794700d",
                "sha256:1a7ead55c7e559dd4dee8856e3a88b41225abfe1ce8df57b7c13915fe121ffb8"
            ],
            "markers": "python_version < '3.11'",
            "version": "==4.12.2"
        }
    },
    "develop": {}
}
